
Microsoft Visual Studio Solution File, Format Version 12.00
# Visual Studio Version 17
VisualStudioVersion = 17.0.32112.339
MinimumVisualStudioVersion = 10.0.40219.1
Project("{FAE04EC0-301F-11D3-BF4B-00C04F79EFBC}") = "BattleShipLite", "BattleShipLite\BattleShipLite.csproj", "{0C410110-C825-4F1C-9DD2-D73C15F734F8}"
EndProject
Project("{FAE04EC0-301F-11D3-BF4B-00C04F79EFBC}") = "BattleShipLibrary", "BattleShipLibrary\BattleShipLibrary.csproj", "{2D4CCD00-66E7-4D07-A12E-5F97D01872FC}"
EndProject
Global
	GlobalSection(SolutionConfigurationPlatforms) = preSolution
		Debug|Any CPU = Debug|Any CPU
		Release|Any CPU = Release|Any CPU
	EndGlobalSection
	GlobalSection(ProjectConfigurationPlatforms) = postSolution
		{0C410110-C825-4F1C-9DD2-D73C15F734F8}.Debug|Any CPU.ActiveCfg = Debug|Any CPU
		{0C410110-C825-4F1C-9DD2-D73C15F734F8}.Debug|Any CPU.Build.0 = Debug|Any CPU
		{0C410110-C825-4F1C-9DD2-D73C15F734F8}.Release|Any CPU.ActiveCfg = Release|Any CPU
		{0C410110-C825-4F1C-9DD2-D73C15F734F8}.Release|Any CPU.Build.0 = Release|Any CPU
		{2D4CCD00-66E7-4D07-A12E-5F97D01872FC}.Debug|Any CPU.ActiveCfg = Debug|Any CPU
		{2D4CCD00-66E7-4D07-A12E-5F97D01872FC}.Debug|Any CPU.Build.0 = Debug|Any CPU
		{2D4CCD00-66E7-4D07-A12E-5F97D01872FC}.Release|Any CPU.ActiveCfg = Release|Any CPU
		{2D4CCD00-66E7-4D07-A12E-5F97D01872FC}.Release|Any CPU.Build.0 = Release|Any CPU
	EndGlobalSection
	GlobalSection(SolutionProperties) = preSolution
		HideSolutionNode = FALSE
	EndGlobalSection
	GlobalSection(ExtensibilityGlobals) = postSolution
		SolutionGuid = {C3DEFAED-E1F3-4A41-A2A7-EF57C921168A}
	EndGlobalSection
EndGlobal
